
Microsoft Visual Studio Solution File, Format Version 12.00
# Visual Studio 15
VisualStudioVersion = 15.0.27703.2035
MinimumVisualStudioVersion = 10.0.40219.1
Project("{FAE04EC0-301F-11D3-BF4B-00C04F79EFBC}") = "summarizingtext", "summarizingtext\summarizingtext.csproj", "{F8128549-8DA8-4631-A615-D407271824A2}"
EndProject
Global
	GlobalSection(SolutionConfigurationPlatforms) = preSolution
		Debug|Any CPU = Debug|Any CPU
		Release|Any CPU = Release|Any CPU
	EndGlobalSection
	GlobalSection(ProjectConfigurationPlatforms) = postSolution
		{F8128549-8DA8-4631-A615-D407271824A2}.Debug|Any CPU.ActiveCfg = Debug|Any CPU
		{F8128549-8DA8-4631-A615-D407271824A2}.Debug|Any CPU.Build.0 = Debug|Any CPU
		{F8128549-8DA8-4631-A615-D407271824A2}.Release|Any CPU.ActiveCfg = Release|Any CPU
		{F8128549-8DA8-4631-A615-D407271824A2}.Release|Any CPU.Build.0 = Release|Any CPU
	EndGlobalSection
	GlobalSection(SolutionProperties) = preSolution
		HideSolutionNode = FALSE
	EndGlobalSection
	GlobalSection(ExtensibilityGlobals) = postSolution
		SolutionGuid = {43AC8610-A5E8-480B-AB08-878F5199E322}
	EndGlobalSection
EndGlobal
