
Microsoft Visual Studio Solution File, Format Version 12.00
# Visual Studio 15
VisualStudioVersion = 15.0.27703.2035
MinimumVisualStudioVersion = 10.0.40219.1
Project("{FAE04EC0-301F-11D3-BF4B-00C04F79EFBC}") = "stringbuilder", "stringbuilder\stringbuilder.csproj", "{1E364443-4E47-4E5B-9226-51BD580FBA39}"
EndProject
Global
	GlobalSection(SolutionConfigurationPlatforms) = preSolution
		Debug|Any CPU = Debug|Any CPU
		Release|Any CPU = Release|Any CPU
	EndGlobalSection
	GlobalSection(ProjectConfigurationPlatforms) = postSolution
		{1E364443-4E47-4E5B-9226-51BD580FBA39}.Debug|Any CPU.ActiveCfg = Debug|Any CPU
		{1E364443-4E47-4E5B-9226-51BD580FBA39}.Debug|Any CPU.Build.0 = Debug|Any CPU
		{1E364443-4E47-4E5B-9226-51BD580FBA39}.Release|Any CPU.ActiveCfg = Release|Any CPU
		{1E364443-4E47-4E5B-9226-51BD580FBA39}.Release|Any CPU.Build.0 = Release|Any CPU
	EndGlobalSection
	GlobalSection(SolutionProperties) = preSolution
		HideSolutionNode = FALSE
	EndGlobalSection
	GlobalSection(ExtensibilityGlobals) = postSolution
		SolutionGuid = {3C85E6E5-C107-40FD-86C3-ACFAD9CC5A96}
	EndGlobalSection
EndGlobal
