
Microsoft Visual Studio Solution File, Format Version 12.00
# Visual Studio 15
VisualStudioVersion = 15.0.27703.2035
MinimumVisualStudioVersion = 10.0.40219.1
Project("{FAE04EC0-301F-11D3-BF4B-00C04F79EFBC}") = "strings", "strings\strings.csproj", "{39249A65-0704-404C-86A2-DADBF8A6CABE}"
EndProject
Global
	GlobalSection(SolutionConfigurationPlatforms) = preSolution
		Debug|Any CPU = Debug|Any CPU
		Release|Any CPU = Release|Any CPU
	EndGlobalSection
	GlobalSection(ProjectConfigurationPlatforms) = postSolution
		{39249A65-0704-404C-86A2-DADBF8A6CABE}.Debug|Any CPU.ActiveCfg = Debug|Any CPU
		{39249A65-0704-404C-86A2-DADBF8A6CABE}.Debug|Any CPU.Build.0 = Debug|Any CPU
		{39249A65-0704-404C-86A2-DADBF8A6CABE}.Release|Any CPU.ActiveCfg = Release|Any CPU
		{39249A65-0704-404C-86A2-DADBF8A6CABE}.Release|Any CPU.Build.0 = Release|Any CPU
	EndGlobalSection
	GlobalSection(SolutionProperties) = preSolution
		HideSolutionNode = FALSE
	EndGlobalSection
	GlobalSection(ExtensibilityGlobals) = postSolution
		SolutionGuid = {E3F0EDC4-986B-4EF9-97E5-280CF8405348}
	EndGlobalSection
EndGlobal
